
Microsoft Visual Studio Solution File, Format Version 12.00
# Visual Studio Version 17
VisualStudioVersion = 17.12.35514.174 d17.12
MinimumVisualStudioVersion = 10.0.40219.1
Project("{FAE04EC0-301F-11D3-BF4B-00C04F79EFBC}") = "XAML.Toolkits.Wpf", "XAML.Toolkits.Wpf\XAML.Toolkits.Wpf.csproj", "{687F1218-753A-4E73-B404-7B5F8B9B44C8}"
EndProject
Project("{2150E333-8FDC-42A3-9474-1A3956D46DE8}") = ".solutionItems", ".solutionItems", "{4A90F301-1436-4D6E-A5C6-7C22D79A7479}"
	ProjectSection(SolutionItems) = preProject
		.csharpierrc.json = .csharpierrc.json
		GlobalCompileSettings.Targets = GlobalCompileSettings.Targets
		LICENSE = LICENSE
		README.md = README.md
		XAML.Toolkits.snk = XAML.Toolkits.snk
	EndProjectSection
EndProject
Project("{FAE04EC0-301F-11D3-BF4B-00C04F79EFBC}") = "XAML.Toolkits.Core", "XAML.Toolkits.Core\XAML.Toolkits.Core.csproj", "{E6A15866-6C46-4D6D-8DE6-A666B30FD0E6}"
EndProject
Global
	GlobalSection(SolutionConfigurationPlatforms) = preSolution
		Debug|Any CPU = Debug|Any CPU
		Release|Any CPU = Release|Any CPU
	EndGlobalSection
	GlobalSection(ProjectConfigurationPlatforms) = postSolution
		{687F1218-753A-4E73-B404-7B5F8B9B44C8}.Debug|Any CPU.ActiveCfg = Debug|Any CPU
		{687F1218-753A-4E73-B404-7B5F8B9B44C8}.Debug|Any CPU.Build.0 = Debug|Any CPU
		{687F1218-753A-4E73-B404-7B5F8B9B44C8}.Release|Any CPU.ActiveCfg = Release|Any CPU
		{687F1218-753A-4E73-B404-7B5F8B9B44C8}.Release|Any CPU.Build.0 = Release|Any CPU
		{E6A15866-6C46-4D6D-8DE6-A666B30FD0E6}.Debug|Any CPU.ActiveCfg = Debug|Any CPU
		{E6A15866-6C46-4D6D-8DE6-A666B30FD0E6}.Debug|Any CPU.Build.0 = Debug|Any CPU
		{E6A15866-6C46-4D6D-8DE6-A666B30FD0E6}.Release|Any CPU.ActiveCfg = Release|Any CPU
		{E6A15866-6C46-4D6D-8DE6-A666B30FD0E6}.Release|Any CPU.Build.0 = Release|Any CPU
	EndGlobalSection
	GlobalSection(SolutionProperties) = preSolution
		HideSolutionNode = FALSE
	EndGlobalSection
EndGlobal
